
Microsoft Visual Studio Solution File, Format Version 11.00
# Visual Studio 2010
Project("{E24C65DC-7377-472B-9ABA-BC803B73C61A}") = "WebSite4", "..\..\WebSites\WebSite4\", "{C3D56279-028F-4E8C-B1F3-0AF2F0B2BC76}"
	ProjectSection(WebsiteProperties) = preProject
		TargetFrameworkMoniker = ".NETFramework,Version%3Dv4.0"
		Debug.AspNetCompiler.VirtualPath = "/WebSite4"
		Debug.AspNetCompiler.PhysicalPath = "..\..\WebSites\WebSite4\"
		Debug.AspNetCompiler.TargetPath = "PrecompiledWeb\WebSite4\"
		Debug.AspNetCompiler.Updateable = "true"
		Debug.AspNetCompiler.ForceOverwrite = "true"
		Debug.AspNetCompiler.FixedNames = "false"
		Debug.AspNetCompiler.Debug = "True"
		Release.AspNetCompiler.VirtualPath = "/WebSite4"
		Release.AspNetCompiler.PhysicalPath = "..\..\WebSites\WebSite4\"
		Release.AspNetCompiler.TargetPath = "PrecompiledWeb\WebSite4\"
		Release.AspNetCompiler.Updateable = "true"
		Release.AspNetCompiler.ForceOverwrite = "true"
		Release.AspNetCompiler.FixedNames = "false"
		Release.AspNetCompiler.Debug = "False"
		VWDPort = "49835"
		DefaultWebSiteLanguage = "Visual C#"
	EndProjectSection
EndProject
Global
	GlobalSection(SolutionConfigurationPlatforms) = preSolution
		Debug|Any CPU = Debug|Any CPU
	EndGlobalSection
	GlobalSection(ProjectConfigurationPlatforms) = postSolution
		{C3D56279-028F-4E8C-B1F3-0AF2F0B2BC76}.Debug|Any CPU.ActiveCfg = Debug|Any CPU
		{C3D56279-028F-4E8C-B1F3-0AF2F0B2BC76}.Debug|Any CPU.Build.0 = Debug|Any CPU
	EndGlobalSection
	GlobalSection(SolutionProperties) = preSolution
		HideSolutionNode = FALSE
	EndGlobalSection
EndGlobal
